
Microsoft Visual Studio Solution File, Format Version 12.00
# Visual Studio Version 17
VisualStudioVersion = 17.1.32210.238
MinimumVisualStudioVersion = 10.0.40219.1
Project("{2150E333-8FDC-42A3-9474-1A3956D46DE8}") = "PessoaAPI", "PessoaAPI", "{DEB785FB-05D7-40EA-AE3C-91D45B17DB57}"
EndProject
Project("{9A19103F-16F7-4668-BE54-9A1E7A4F7556}") = "UPDown.Client", "src\UPDown.Client\UPDown.Client.csproj", "{96226648-5104-4C67-8973-A6B4FA4B1839}"
EndProject
Project("{9A19103F-16F7-4668-BE54-9A1E7A4F7556}") = "UPDown.Common", "src\UPDown.Common\UPDown.Common.csproj", "{6E886AAA-2B57-45B7-BF90-26795A28B300}"
EndProject
Project("{2150E333-8FDC-42A3-9474-1A3956D46DE8}") = "AulaAPI", "AulaAPI", "{571C0D0F-F9CF-406F-AE5B-AB96C9A60462}"
EndProject
Project("{9A19103F-16F7-4668-BE54-9A1E7A4F7556}") = "PessoaAPI.Data", "src\PessoaAPI\PessoaAPI.Data\PessoaAPI.Data.csproj", "{A2D5CD3F-3402-4C26-B7C2-727D0231DCA6}"
EndProject
Project("{9A19103F-16F7-4668-BE54-9A1E7A4F7556}") = "PessoaAPI.Server", "src\PessoaAPI\PessoaAPI.Server\PessoaAPI.Server.csproj", "{88C1B002-D8AB-47BF-80EE-2357204A9BB3}"
EndProject
Project("{9A19103F-16F7-4668-BE54-9A1E7A4F7556}") = "PessoaAPI.Service", "src\PessoaAPI\PessoaAPI.Service\PessoaAPI.Service.csproj", "{B4C20C9E-5DE1-4D9A-8012-507642CA29CF}"
EndProject
Project("{9A19103F-16F7-4668-BE54-9A1E7A4F7556}") = "AulaAPI.Data", "src\AulaAPI\AulaAPI.Data\AulaAPI.Data.csproj", "{6D153A97-ECB2-413C-9656-D66AC8C36A20}"
EndProject
Project("{9A19103F-16F7-4668-BE54-9A1E7A4F7556}") = "AulaAPI.Server", "src\AulaAPI\AulaAPI.Server\AulaAPI.Server.csproj", "{104630ED-AAC6-47BC-A8D1-592B454BD057}"
EndProject
Project("{9A19103F-16F7-4668-BE54-9A1E7A4F7556}") = "AulaAPI.Service", "src\AulaAPI\AulaAPI.Service\AulaAPI.Service.csproj", "{28E46185-536A-4833-93C1-D8C2D26C4DAB}"
EndProject
Global
	GlobalSection(SolutionConfigurationPlatforms) = preSolution
		Debug|Any CPU = Debug|Any CPU
		Release|Any CPU = Release|Any CPU
	EndGlobalSection
	GlobalSection(ProjectConfigurationPlatforms) = postSolution
		{96226648-5104-4C67-8973-A6B4FA4B1839}.Debug|Any CPU.ActiveCfg = Debug|Any CPU
		{96226648-5104-4C67-8973-A6B4FA4B1839}.Debug|Any CPU.Build.0 = Debug|Any CPU
		{96226648-5104-4C67-8973-A6B4FA4B1839}.Release|Any CPU.ActiveCfg = Release|Any CPU
		{96226648-5104-4C67-8973-A6B4FA4B1839}.Release|Any CPU.Build.0 = Release|Any CPU
		{6E886AAA-2B57-45B7-BF90-26795A28B300}.Debug|Any CPU.ActiveCfg = Debug|Any CPU
		{6E886AAA-2B57-45B7-BF90-26795A28B300}.Debug|Any CPU.Build.0 = Debug|Any CPU
		{6E886AAA-2B57-45B7-BF90-26795A28B300}.Release|Any CPU.ActiveCfg = Release|Any CPU
		{6E886AAA-2B57-45B7-BF90-26795A28B300}.Release|Any CPU.Build.0 = Release|Any CPU
		{A2D5CD3F-3402-4C26-B7C2-727D0231DCA6}.Debug|Any CPU.ActiveCfg = Debug|Any CPU
		{A2D5CD3F-3402-4C26-B7C2-727D0231DCA6}.Debug|Any CPU.Build.0 = Debug|Any CPU
		{A2D5CD3F-3402-4C26-B7C2-727D0231DCA6}.Release|Any CPU.ActiveCfg = Release|Any CPU
		{A2D5CD3F-3402-4C26-B7C2-727D0231DCA6}.Release|Any CPU.Build.0 = Release|Any CPU
		{88C1B002-D8AB-47BF-80EE-2357204A9BB3}.Debug|Any CPU.ActiveCfg = Debug|Any CPU
		{88C1B002-D8AB-47BF-80EE-2357204A9BB3}.Debug|Any CPU.Build.0 = Debug|Any CPU
		{88C1B002-D8AB-47BF-80EE-2357204A9BB3}.Release|Any CPU.ActiveCfg = Release|Any CPU
		{88C1B002-D8AB-47BF-80EE-2357204A9BB3}.Release|Any CPU.Build.0 = Release|Any CPU
		{B4C20C9E-5DE1-4D9A-8012-507642CA29CF}.Debug|Any CPU.ActiveCfg = Debug|Any CPU
		{B4C20C9E-5DE1-4D9A-8012-507642CA29CF}.Debug|Any CPU.Build.0 = Debug|Any CPU
		{B4C20C9E-5DE1-4D9A-8012-507642CA29CF}.Release|Any CPU.ActiveCfg = Release|Any CPU
		{B4C20C9E-5DE1-4D9A-8012-507642CA29CF}.Release|Any CPU.Build.0 = Release|Any CPU
		{6D153A97-ECB2-413C-9656-D66AC8C36A20}.Debug|Any CPU.ActiveCfg = Debug|Any CPU
		{6D153A97-ECB2-413C-9656-D66AC8C36A20}.Debug|Any CPU.Build.0 = Debug|Any CPU
		{6D153A97-ECB2-413C-9656-D66AC8C36A20}.Release|Any CPU.ActiveCfg = Release|Any CPU
		{6D153A97-ECB2-413C-9656-D66AC8C36A20}.Release|Any CPU.Build.0 = Release|Any CPU
		{104630ED-AAC6-47BC-A8D1-592B454BD057}.Debug|Any CPU.ActiveCfg = Debug|Any CPU
		{104630ED-AAC6-47BC-A8D1-592B454BD057}.Debug|Any CPU.Build.0 = Debug|Any CPU
		{104630ED-AAC6-47BC-A8D1-592B454BD057}.Release|Any CPU.ActiveCfg = Release|Any CPU
		{104630ED-AAC6-47BC-A8D1-592B454BD057}.Release|Any CPU.Build.0 = Release|Any CPU
		{28E46185-536A-4833-93C1-D8C2D26C4DAB}.Debug|Any CPU.ActiveCfg = Debug|Any CPU
		{28E46185-536A-4833-93C1-D8C2D26C4DAB}.Debug|Any CPU.Build.0 = Debug|Any CPU
		{28E46185-536A-4833-93C1-D8C2D26C4DAB}.Release|Any CPU.ActiveCfg = Release|Any CPU
		{28E46185-536A-4833-93C1-D8C2D26C4DAB}.Release|Any CPU.Build.0 = Release|Any CPU
	EndGlobalSection
	GlobalSection(SolutionProperties) = preSolution
		HideSolutionNode = FALSE
	EndGlobalSection
	GlobalSection(NestedProjects) = preSolution
		{A2D5CD3F-3402-4C26-B7C2-727D0231DCA6} = {DEB785FB-05D7-40EA-AE3C-91D45B17DB57}
		{88C1B002-D8AB-47BF-80EE-2357204A9BB3} = {DEB785FB-05D7-40EA-AE3C-91D45B17DB57}
		{B4C20C9E-5DE1-4D9A-8012-507642CA29CF} = {DEB785FB-05D7-40EA-AE3C-91D45B17DB57}
		{6D153A97-ECB2-413C-9656-D66AC8C36A20} = {571C0D0F-F9CF-406F-AE5B-AB96C9A60462}
		{104630ED-AAC6-47BC-A8D1-592B454BD057} = {571C0D0F-F9CF-406F-AE5B-AB96C9A60462}
		{28E46185-536A-4833-93C1-D8C2D26C4DAB} = {571C0D0F-F9CF-406F-AE5B-AB96C9A60462}
	EndGlobalSection
	GlobalSection(ExtensibilityGlobals) = postSolution
		SolutionGuid = {6E769668-6808-4410-9FFA-1F1A7D88A897}
	EndGlobalSection
EndGlobal
